# This file is automatically @generated by Cargo.
# It is not intended for manual editing.
version = 4

[[package]]
name = "app_bin"
version = "0.1.0"
dependencies = [
 "common",
]

[[package]]
name = "common"
version = "0.1.0"

[[package]]
name = "feed"
version = "0.1.0"
dependencies = [
 "common",
]

[[package]]
name = "trade"
version = "0.1.0"
dependencies = [
 "common",
]
