# This file is automatically @generated by Cargo.
# It is not intended for manual editing.
version = 4

[[package]]
name = "item-15-borrow-checker"
version = "0.1.0"

[[package]]
name = "item-18-dont-panic"
version = "0.1.0"

[[package]]
name = "item-20-tlv"
version = "0.1.0"

[[package]]
name = "item-22-visibility"
version = "0.1.0"

[[package]]
name = "item-30-black-box"
version = "0.1.0"

[[package]]
name = "item-33-no-std"
version = "0.1.0"

[[package]]
name = "item-34-ffi-box"
version = "0.1.0"
